
Microsoft Visual Studio Solution File, Format Version 12.00
# Visual Studio Version 17
VisualStudioVersion = 17.7.34221.43
MinimumVisualStudioVersion = 10.0.40219.1
Project("{FAE04EC0-301F-11D3-BF4B-00C04F79EFBC}") = "Micro.Sinhro.REST.APIGateway", "Micro.Sinhro.REST.APVGateway\Micro.Sinhro.REST.APIGateway.csproj", "{61AB1AC0-A2E5-4A5D-9284-4A2A49212DF5}"
EndProject
Project("{FAE04EC0-301F-11D3-BF4B-00C04F79EFBC}") = "Micro.Sinhro.REST.Student", "Micro.Sinhro.REST.Student\Micro.Sinhro.REST.Student.csproj", "{8BEA49A8-9059-41DA-973F-493F32AF86F7}"
EndProject
Global
	GlobalSection(SolutionConfigurationPlatforms) = preSolution
		Debug|Any CPU = Debug|Any CPU
		Release|Any CPU = Release|Any CPU
	EndGlobalSection
	GlobalSection(ProjectConfigurationPlatforms) = postSolution
		{61AB1AC0-A2E5-4A5D-9284-4A2A49212DF5}.Debug|Any CPU.ActiveCfg = Debug|Any CPU
		{61AB1AC0-A2E5-4A5D-9284-4A2A49212DF5}.Debug|Any CPU.Build.0 = Debug|Any CPU
		{61AB1AC0-A2E5-4A5D-9284-4A2A49212DF5}.Release|Any CPU.ActiveCfg = Release|Any CPU
		{61AB1AC0-A2E5-4A5D-9284-4A2A49212DF5}.Release|Any CPU.Build.0 = Release|Any CPU
		{8BEA49A8-9059-41DA-973F-493F32AF86F7}.Debug|Any CPU.ActiveCfg = Debug|Any CPU
		{8BEA49A8-9059-41DA-973F-493F32AF86F7}.Debug|Any CPU.Build.0 = Debug|Any CPU
		{8BEA49A8-9059-41DA-973F-493F32AF86F7}.Release|Any CPU.ActiveCfg = Release|Any CPU
		{8BEA49A8-9059-41DA-973F-493F32AF86F7}.Release|Any CPU.Build.0 = Release|Any CPU
	EndGlobalSection
	GlobalSection(SolutionProperties) = preSolution
		HideSolutionNode = FALSE
	EndGlobalSection
	GlobalSection(ExtensibilityGlobals) = postSolution
		SolutionGuid = {57F92907-DF5A-4D22-A5BC-882C1E165FB7}
	EndGlobalSection
EndGlobal
